
Microsoft Visual Studio Solution File, Format Version 12.00
# Visual Studio Version 17
VisualStudioVersion = 17.13.35931.197
MinimumVisualStudioVersion = 10.0.40219.1
Project("{FAE04EC0-301F-11D3-BF4B-00C04F79EFBC}") = "DonaBookApi", "DonaBookApi\DonaBookApi.csproj", "{B3F638CF-25FF-44A9-BC6F-BEF2BE60D146}"
EndProject
Project("{FAE04EC0-301F-11D3-BF4B-00C04F79EFBC}") = "DonaBookClient", "DonaBookClient\DonaBookClient.csproj", "{22150D6D-D036-4ECD-832A-27E25DCFA1C7}"
EndProject
Project("{FAE04EC0-301F-11D3-BF4B-00C04F79EFBC}") = "TestProject1", "TestProject1\TestProject1.csproj", "{3654AE0D-B838-4526-9062-907CC8383AA9}"
EndProject
Global
	GlobalSection(SolutionConfigurationPlatforms) = preSolution
		Debug|Any CPU = Debug|Any CPU
		Release|Any CPU = Release|Any CPU
	EndGlobalSection
	GlobalSection(ProjectConfigurationPlatforms) = postSolution
		{B3F638CF-25FF-44A9-BC6F-BEF2BE60D146}.Debug|Any CPU.ActiveCfg = Debug|Any CPU
		{B3F638CF-25FF-44A9-BC6F-BEF2BE60D146}.Debug|Any CPU.Build.0 = Debug|Any CPU
		{B3F638CF-25FF-44A9-BC6F-BEF2BE60D146}.Release|Any CPU.ActiveCfg = Release|Any CPU
		{B3F638CF-25FF-44A9-BC6F-BEF2BE60D146}.Release|Any CPU.Build.0 = Release|Any CPU
		{22150D6D-D036-4ECD-832A-27E25DCFA1C7}.Debug|Any CPU.ActiveCfg = Debug|Any CPU
		{22150D6D-D036-4ECD-832A-27E25DCFA1C7}.Debug|Any CPU.Build.0 = Debug|Any CPU
		{22150D6D-D036-4ECD-832A-27E25DCFA1C7}.Release|Any CPU.ActiveCfg = Release|Any CPU
		{22150D6D-D036-4ECD-832A-27E25DCFA1C7}.Release|Any CPU.Build.0 = Release|Any CPU
		{3654AE0D-B838-4526-9062-907CC8383AA9}.Debug|Any CPU.ActiveCfg = Debug|Any CPU
		{3654AE0D-B838-4526-9062-907CC8383AA9}.Debug|Any CPU.Build.0 = Debug|Any CPU
		{3654AE0D-B838-4526-9062-907CC8383AA9}.Release|Any CPU.ActiveCfg = Release|Any CPU
		{3654AE0D-B838-4526-9062-907CC8383AA9}.Release|Any CPU.Build.0 = Release|Any CPU
	EndGlobalSection
	GlobalSection(SolutionProperties) = preSolution
		HideSolutionNode = FALSE
	EndGlobalSection
	GlobalSection(ExtensibilityGlobals) = postSolution
		SolutionGuid = {0C9525D1-76C3-41B2-AF93-4250015CC4FD}
	EndGlobalSection
EndGlobal
